
Microsoft Visual Studio Solution File, Format Version 12.00
# Visual Studio Version 17
VisualStudioVersion = 17.5.33424.131
MinimumVisualStudioVersion = 10.0.40219.1
Project("{FAE04EC0-301F-11D3-BF4B-00C04F79EFBC}") = "My-Books", "My-Books\My-Books.csproj", "{BFE64142-35FC-4559-B78C-33386D6156AD}"
EndProject
Global
	GlobalSection(SolutionConfigurationPlatforms) = preSolution
		Debug|Any CPU = Debug|Any CPU
		Release|Any CPU = Release|Any CPU
	EndGlobalSection
	GlobalSection(ProjectConfigurationPlatforms) = postSolution
		{BFE64142-35FC-4559-B78C-33386D6156AD}.Debug|Any CPU.ActiveCfg = Debug|Any CPU
		{BFE64142-35FC-4559-B78C-33386D6156AD}.Debug|Any CPU.Build.0 = Debug|Any CPU
		{BFE64142-35FC-4559-B78C-33386D6156AD}.Release|Any CPU.ActiveCfg = Release|Any CPU
		{BFE64142-35FC-4559-B78C-33386D6156AD}.Release|Any CPU.Build.0 = Release|Any CPU
	EndGlobalSection
	GlobalSection(SolutionProperties) = preSolution
		HideSolutionNode = FALSE
	EndGlobalSection
	GlobalSection(ExtensibilityGlobals) = postSolution
		SolutionGuid = {7321AD88-7885-410F-8DD0-B367DB50FDF2}
	EndGlobalSection
EndGlobal
